// !$*UTF8*$!
{
	archiveVersion = 1;
	classes = {
	};
	objectVersion = 46;
	objects = {

/* Begin PBXBuildFile section */
		3123324E1E0EC16C00F59EDF /* main.m in Sources */ = {isa = PBXBuildFile; fileRef = 3123324D1E0EC16C00F59EDF /* main.m */; };
		312332511E0EC16C00F59EDF /* AppDelegate.m in Sources */ = {isa = PBXBuildFile; fileRef = 312332501E0EC16C00F59EDF /* AppDelegate.m */; };
		312332541E0EC16C00F59EDF /* ViewController.m in Sources */ = {isa = PBXBuildFile; fileRef = 312332531E0EC16C00F59EDF /* ViewController.m */; };
		312332571E0EC16C00F59EDF /* Main.storyboard in Resources */ = {isa = PBXBuildFile; fileRef = 312332551E0EC16C00F59EDF /* Main.storyboard */; };
		312332591E0EC16C00F59EDF /* Assets.xcassets in Resources */ = {isa = PBXBuildFile; fileRef = 312332581E0EC16C00F59EDF /* Assets.xcassets */; };
		3123325C1E0EC16C00F59EDF /* LaunchScreen.storyboard in Resources */ = {isa = PBXBuildFile; fileRef = 3123325A1E0EC16C00F59EDF /* LaunchScreen.storyboard */; };
		3123326B1E0EC18800F59EDF /* selectdown.png in Resources */ = {isa = PBXBuildFile; fileRef = 312332651E0EC18800F59EDF /* selectdown.png */; };
		3123326C1E0EC18800F59EDF /* selectdown1.png in Resources */ = {isa = PBXBuildFile; fileRef = 312332661E0EC18800F59EDF /* selectdown1.png */; };
		3123326D1E0EC18800F59EDF /* YSMenuButton.m in Sources */ = {isa = PBXBuildFile; fileRef = 312332681E0EC18800F59EDF /* YSMenuButton.m */; };
		3123326E1E0EC18800F59EDF /* YSPullDownMenuView.m in Sources */ = {isa = PBXBuildFile; fileRef = 3123326A1E0EC18800F59EDF /* YSPullDownMenuView.m */; };
/* End PBXBuildFile section */

/* Begin PBXFileReference section */
		312332491E0EC16C00F59EDF /* YSChoicePullDownMenu.app */ = {isa = PBXFileReference; explicitFileType = wrapper.application; includeInIndex = 0; path = YSChoicePullDownMenu.app; sourceTree = BUILT_PRODUCTS_DIR; };
		3123324D1E0EC16C00F59EDF /* main.m */ = {isa = PBXFileReference; lastKnownFileType = sourcecode.c.objc; path = main.m; sourceTree = "<group>"; };
		3123324F1E0EC16C00F59EDF /* AppDelegate.h */ = {isa = PBXFileReference; lastKnownFileType = sourcecode.c.h; path = AppDelegate.h; sourceTree = "<group>"; };
		312332501E0EC16C00F59EDF /* AppDelegate.m */ = {isa = PBXFileReference; lastKnownFileType = sourcecode.c.objc; path = AppDelegate.m; sourceTree = "<group>"; };
		312332521E0EC16C00F59EDF /* ViewController.h */ = {isa = PBXFileReference; lastKnownFileType = sourcecode.c.h; path = ViewController.h; sourceTree = "<group>"; };
		312332531E0EC16C00F59EDF /* ViewController.m */ = {isa = PBXFileReference; lastKnownFileType = sourcecode.c.objc; path = ViewController.m; sourceTree = "<group>"; };
		312332561E0EC16C00F59EDF /* Base */ = {isa = PBXFileReference; lastKnownFileType = file.storyboard; name = Base; path = Base.lproj/Main.storyboard; sourceTree = "<group>"; };
		312332581E0EC16C00F59EDF /* Assets.xcassets */ = {isa = PBXFileReference; lastKnownFileType = folder.assetcatalog; path = Assets.xcassets; sourceTree = "<group>"; };
		3123325B1E0EC16C00F59EDF /* Base */ = {isa = PBXFileReference; lastKnownFileType = file.storyboard; name = Base; path = Base.lproj/LaunchScreen.storyboard; sourceTree = "<group>"; };
		3123325D1E0EC16C00F59EDF /* Info.plist */ = {isa = PBXFileReference; lastKnownFileType = text.plist.xml; path = Info.plist; sourceTree = "<group>"; };
		312332651E0EC18800F59EDF /* selectdown.png */ = {isa = PBXFileReference; lastKnownFileType = image.png; path = selectdown.png; sourceTree = "<group>"; };
		312332661E0EC18800F59EDF /* selectdown1.png */ = {isa = PBXFileReference; lastKnownFileType = image.png; path = selectdown1.png; sourceTree = "<group>"; };
		312332671E0EC18800F59EDF /* YSMenuButton.h */ = {isa = PBXFileReference; fileEncoding = 4; lastKnownFileType = sourcecode.c.h; path = YSMenuButton.h; sourceTree = "<group>"; };
		312332681E0EC18800F59EDF /* YSMenuButton.m */ = {isa = PBXFileReference; fileEncoding = 4; lastKnownFileType = sourcecode.c.objc; path = YSMenuButton.m; sourceTree = "<group>"; };
		312332691E0EC18800F59EDF /* YSPullDownMenuView.h */ = {isa = PBXFileReference; fileEncoding = 4; lastKnownFileType = sourcecode.c.h; path = YSPullDownMenuView.h; sourceTree = "<group>"; };
		3123326A1E0EC18800F59EDF /* YSPullDownMenuView.m */ = {isa = PBXFileReference; fileEncoding = 4; lastKnownFileType = sourcecode.c.objc; path = YSPullDownMenuView.m; sourceTree = "<group>"; };
/* End PBXFileReference section */

/* Begin PBXFrameworksBuildPhase section */
		312332461E0EC16C00F59EDF /* Frameworks */ = {
			isa = PBXFrameworksBuildPhase;
			buildActionMask = 2147483647;
			files = (
			);
			runOnlyForDeploymentPostprocessing = 0;
		};
/* End PBXFrameworksBuildPhase section */

/* Begin PBXGroup section */
		312332401E0EC16C00F59EDF = {
			isa = PBXGroup;
			children = (
				3123324B1E0EC16C00F59EDF /* YSChoicePullDownMenu */,
				3123324A1E0EC16C00F59EDF /* Products */,
			);
			sourceTree = "<group>";
		};
		3123324A1E0EC16C00F59EDF /* Products */ = {
			isa = PBXGroup;
			children = (
				312332491E0EC16C00F59EDF /* YSChoicePullDownMenu.app */,
			);
			name = Products;
			sourceTree = "<group>";
		};
		3123324B1E0EC16C00F59EDF /* YSChoicePullDownMenu */ = {
			isa = PBXGroup;
			children = (
				312332631E0EC18800F59EDF /* YSPullDownMenu */,
				3123324F1E0EC16C00F59EDF /* AppDelegate.h */,
				312332501E0EC16C00F59EDF /* AppDelegate.m */,
				312332521E0EC16C00F59EDF /* ViewController.h */,
				312332531E0EC16C00F59EDF /* ViewController.m */,
				312332551E0EC16C00F59EDF /* Main.storyboard */,
				312332581E0EC16C00F59EDF /* Assets.xcassets */,
				3123325A1E0EC16C00F59EDF /* LaunchScreen.storyboard */,
				3123325D1E0EC16C00F59EDF /* Info.plist */,
				3123324C1E0EC16C00F59EDF /* Supporting Files */,
			);
			path = YSChoicePullDownMenu;
			sourceTree = "<group>";
		};
		3123324C1E0EC16C00F59EDF /* Supporting Files */ = {
			isa = PBXGroup;
			children = (
				3123324D1E0EC16C00F59EDF /* main.m */,
			);
			name = "Supporting Files";
			sourceTree = "<group>";
		};
		312332631E0EC18800F59EDF /* YSPullDownMenu */ = {
			isa = PBXGroup;
			children = (
				312332641E0EC18800F59EDF /* MenuArrow */,
				312332671E0EC18800F59EDF /* YSMenuButton.h */,
				312332681E0EC18800F59EDF /* YSMenuButton.m */,
				312332691E0EC18800F59EDF /* YSPullDownMenuView.h */,
				3123326A1E0EC18800F59EDF /* YSPullDownMenuView.m */,
			);
			path = YSPullDownMenu;
			sourceTree = "<group>";
		};
		312332641E0EC18800F59EDF /* MenuArrow */ = {
			isa = PBXGroup;
			children = (
				312332651E0EC18800F59EDF /* selectdown.png */,
				312332661E0EC18800F59EDF /* selectdown1.png */,
			);
			path = MenuArrow;
			sourceTree = "<group>";
		};
/* End PBXGroup section */

/* Begin PBXNativeTarget section */
		312332481E0EC16C00F59EDF /* YSChoicePullDownMenu */ = {
			isa = PBXNativeTarget;
			buildConfigurationList = 312332601E0EC16C00F59EDF /* Build configuration list for PBXNativeTarget "YSChoicePullDownMenu" */;
			buildPhases = (
				312332451E0EC16C00F59EDF /* Sources */,
				312332461E0EC16C00F59EDF /* Frameworks */,
				312332471E0EC16C00F59EDF /* Resources */,
			);
			buildRules = (
			);
			dependencies = (
			);
			name = YSChoicePullDownMenu;
			productName = YSChoicePullDownMenu;
			productReference = 312332491E0EC16C00F59EDF /* YSChoicePullDownMenu.app */;
			productType = "com.apple.product-type.application";
		};
/* End PBXNativeTarget section */

/* Begin PBXProject section */
		312332411E0EC16C00F59EDF /* Project object */ = {
			isa = PBXProject;
			attributes = {
				LastUpgradeCheck = 0820;
				ORGANIZATIONNAME = ys;
				TargetAttributes = {
					312332481E0EC16C00F59EDF = {
						CreatedOnToolsVersion = 8.2.1;
						DevelopmentTeam = VCPZ2HFR86;
						ProvisioningStyle = Automatic;
					};
				};
			};
			buildConfigurationList = 312332441E0EC16C00F59EDF /* Build configuration list for PBXProject "YSChoicePullDownMenu" */;
			compatibilityVersion = "Xcode 3.2";
			developmentRegion = English;
			hasScannedForEncodings = 0;
			knownRegions = (
				en,
				Base,
			);
			mainGroup = 312332401E0EC16C00F59EDF;
			productRefGroup = 3123324A1E0EC16C00F59EDF /* Products */;
			projectDirPath = "";
			projectRoot = "";
			targets = (
				312332481E0EC16C00F59EDF /* YSChoicePullDownMenu */,
			);
		};
/* End PBXProject section */

/* Begin PBXResourcesBuildPhase section */
		312332471E0EC16C00F59EDF /* Resources */ = {
			isa = PBXResourcesBuildPhase;
			buildActionMask = 2147483647;
			files = (
				3123325C1E0EC16C00F59EDF /* LaunchScreen.storyboard in Resources */,
				3123326C1E0EC18800F59EDF /* selectdown1.png in Resources */,
				3123326B1E0EC18800F59EDF /* selectdown.png in Resources */,
				312332591E0EC16C00F59EDF /* Assets.xcassets in Resources */,
				312332571E0EC16C00F59EDF /* Main.storyboard in Resources */,
			);
			runOnlyForDeploymentPostprocessing = 0;
		};
/* End PBXResourcesBuildPhase section */

/* Begin PBXSourcesBuildPhase section */
		312332451E0EC16C00F59EDF /* Sources */ = {
			isa = PBXSourcesBuildPhase;
			buildActionMask = 2147483647;
			files = (
				3123326E1E0EC18800F59EDF /* YSPullDownMenuView.m in Sources */,
				312332541E0EC16C00F59EDF /* ViewController.m in Sources */,
				312332511E0EC16C00F59EDF /* AppDelegate.m in Sources */,
				3123326D1E0EC18800F59EDF /* YSMenuButton.m in Sources */,
				3123324E1E0EC16C00F59EDF /* main.m in Sources */,
			);
			runOnlyForDeploymentPostprocessing = 0;
		};
/* End PBXSourcesBuildPhase section */

/* Begin PBXVariantGroup section */
		312332551E0EC16C00F59EDF /* Main.storyboard */ = {
			isa = PBXVariantGroup;
			children = (
				312332561E0EC16C00F59EDF /* Base */,
			);
			name = Main.storyboard;
			sourceTree = "<group>";
		};
		3123325A1E0EC16C00F59EDF /* LaunchScreen.storyboard */ = {
			isa = PBXVariantGroup;
			children = (
				3123325B1E0EC16C00F59EDF /* Base */,
			);
			name = LaunchScreen.storyboard;
			sourceTree = "<group>";
		};
/* End PBXVariantGroup section */

/* Begin XCBuildConfiguration section */
		3123325E1E0EC16C00F59EDF /* Debug */ = {
			isa = XCBuildConfiguration;
			buildSettings = {
				ALWAYS_SEARCH_USER_PATHS = NO;
				CLANG_ANALYZER_NONNULL = YES;
				CLANG_CXX_LANGUAGE_STANDARD = "gnu++0x";
				CLANG_CXX_LIBRARY = "libc++";
				CLANG_ENABLE_MODULES = YES;
				CLANG_ENABLE_OBJC_ARC = YES;
				CLANG_WARN_BOOL_CONVERSION = YES;
				CLANG_WARN_CONSTANT_CONVERSION = YES;
				CLANG_WARN_DIRECT_OBJC_ISA_USAGE = YES_ERROR;
				CLANG_WARN_DOCUMENTATION_COMMENTS = YES;
				CLANG_WARN_EMPTY_BODY = YES;
				CLANG_WARN_ENUM_CONVERSION = YES;
				CLANG_WARN_INFINITE_RECURSION = YES;
				CLANG_WARN_INT_CONVERSION = YES;
				CLANG_WARN_OBJC_ROOT_CLASS = YES_ERROR;
				CLANG_WARN_SUSPICIOUS_MOVE = YES;
				CLANG_WARN_UNREACHABLE_CODE = YES;
				CLANG_WARN__DUPLICATE_METHOD_MATCH = YES;
				"CODE_SIGN_IDENTITY[sdk=iphoneos*]" = "iPhone Developer";
				COPY_PHASE_STRIP = NO;
				DEBUG_INFORMATION_FORMAT = dwarf;
				ENABLE_STRICT_OBJC_MSGSEND = YES;
				ENABLE_TESTABILITY = YES;
				GCC_C_LANGUAGE_STANDARD = gnu99;
				GCC_DYNAMIC_NO_PIC = NO;
				GCC_NO_COMMON_BLOCKS = YES;
				GCC_OPTIMIZATION_LEVEL = 0;
				GCC_PREPROCESSOR_DEFINITIONS = (
					"DEBUG=1",
					"$(inherited)",
				);
				GCC_WARN_64_TO_32_BIT_CONVERSION = YES;
				GCC_WARN_ABOUT_RETURN_TYPE = YES_ERROR;
				GCC_WARN_UNDECLARED_SELECTOR = YES;
				GCC_WARN_UNINITIALIZED_AUTOS = YES_AGGRESSIVE;
				GCC_WARN_UNUSED_FUNCTION = YES;
				GCC_WARN_UNUSED_VARIABLE = YES;
				IPHONEOS_DEPLOYMENT_TARGET = 10.2;
				MTL_ENABLE_DEBUG_INFO = YES;
				ONLY_ACTIVE_ARCH = YES;
				SDKROOT = iphoneos;
			};
			name = Debug;
		};
		3123325F1E0EC16C00F59EDF /* Release */ = {
			isa = XCBuildConfiguration;
			buildSettings = {
				ALWAYS_SEARCH_USER_PATHS = NO;
				CLANG_ANALYZER_NONNULL = YES;
				CLANG_CXX_LANGUAGE_STANDARD = "gnu++0x";
				CLANG_CXX_LIBRARY = "libc++";
				CLANG_ENABLE_MODULES = YES;
				CLANG_ENABLE_OBJC_ARC = YES;
				CLANG_WARN_BOOL_CONVERSION = YES;
				CLANG_WARN_CONSTANT_CONVERSION = YES;
				CLANG_WARN_DIRECT_OBJC_ISA_USAGE = YES_ERROR;
				CLANG_WARN_DOCUMENTATION_COMMENTS = YES;
				CLANG_WARN_EMPTY_BODY = YES;
				CLANG_WARN_ENUM_CONVERSION = YES;
				CLANG_WARN_INFINITE_RECURSION = YES;
				CLANG_WARN_INT_CONVERSION = YES;
				CLANG_WARN_OBJC_ROOT_CLASS = YES_ERROR;
				CLANG_WARN_SUSPICIOUS_MOVE = YES;
				CLANG_WARN_UNREACHABLE_CODE = YES;
				CLANG_WARN__DUPLICATE_METHOD_MATCH = YES;
				"CODE_SIGN_IDENTITY[sdk=iphoneos*]" = "iPhone Developer";
				COPY_PHASE_STRIP = NO;
				DEBUG_INFORMATION_FORMAT = "dwarf-with-dsym";
				ENABLE_NS_ASSERTIONS = NO;
				ENABLE_STRICT_OBJC_MSGSEND = YES;
				GCC_C_LANGUAGE_STANDARD = gnu99;
				GCC_NO_COMMON_BLOCKS = YES;
				GCC_WARN_64_TO_32_BIT_CONVERSION = YES;
				GCC_WARN_ABOUT_RETURN_TYPE = YES_ERROR;
				GCC_WARN_UNDECLARED_SELECTOR = YES;
				GCC_WARN_UNINITIALIZED_AUTOS = YES_AGGRESSIVE;
				GCC_WARN_UNUSED_FUNCTION = YES;
				GCC_WARN_UNUSED_VARIABLE = YES;
				IPHONEOS_DEPLOYMENT_TARGET = 10.2;
				MTL_ENABLE_DEBUG_INFO = NO;
				SDKROOT = iphoneos;
				VALIDATE_PRODUCT = YES;
			};
			name = Release;
		};
		312332611E0EC16C00F59EDF /* Debug */ = {
			isa = XCBuildConfiguration;
			buildSettings = {
				ASSETCATALOG_COMPILER_APPICON_NAME = AppIcon;
				DEVELOPMENT_TEAM = VCPZ2HFR86;
				INFOPLIST_FILE = YSChoicePullDownMenu/Info.plist;
				LD_RUNPATH_SEARCH_PATHS = "$(inherited) @executable_path/Frameworks";
				PRODUCT_BUNDLE_IDENTIFIER = cn.ysapp.YSChoicePullDownMenu;
				PRODUCT_NAME = "$(TARGET_NAME)";
			};
			name = Debug;
		};
		312332621E0EC16C00F59EDF /* Release */ = {
			isa = XCBuildConfiguration;
			buildSettings = {
				ASSETCATALOG_COMPILER_APPICON_NAME = AppIcon;
				DEVELOPMENT_TEAM = VCPZ2HFR86;
				INFOPLIST_FILE = YSChoicePullDownMenu/Info.plist;
				LD_RUNPATH_SEARCH_PATHS = "$(inherited) @executable_path/Frameworks";
				PRODUCT_BUNDLE_IDENTIFIER = cn.ysapp.YSChoicePullDownMenu;
				PRODUCT_NAME = "$(TARGET_NAME)";
			};
			name = Release;
		};
/* End XCBuildConfiguration section */

/* Begin XCConfigurationList section */
		312332441E0EC16C00F59EDF /* Build configuration list for PBXProject "YSChoicePullDownMenu" */ = {
			isa = XCConfigurationList;
			buildConfigurations = (
				3123325E1E0EC16C00F59EDF /* Debug */,
				3123325F1E0EC16C00F59EDF /* Release */,
			);
			defaultConfigurationIsVisible = 0;
			defaultConfigurationName = Release;
		};
		312332601E0EC16C00F59EDF /* Build configuration list for PBXNativeTarget "YSChoicePullDownMenu" */ = {
			isa = XCConfigurationList;
			buildConfigurations = (
				312332611E0EC16C00F59EDF /* Debug */,
				312332621E0EC16C00F59EDF /* Release */,
			);
			defaultConfigurationIsVisible = 0;
		};
/* End XCConfigurationList section */
	};
	rootObject = 312332411E0EC16C00F59EDF /* Project object */;
}
